
Microsoft Visual Studio Solution File, Format Version 12.00
# Visual Studio Version 17
VisualStudioVersion = 17.7.34202.233
MinimumVisualStudioVersion = 10.0.40219.1
Project("{9A19103F-16F7-4668-BE54-9A1E7A4F7556}") = "Multiple_Images_Upload_WebApp", "Multiple_Images_Upload_WebApp.csproj", "{C6A8C874-81A3-4BCA-944D-A79C78B3ADF7}"
EndProject
Project("{9A19103F-16F7-4668-BE54-9A1E7A4F7556}") = "DataAccessLayer", "..\DataAccessLayer\DataAccessLayer.csproj", "{791A09CA-CA24-46F3-864F-C78E543AA52D}"
EndProject
Global
	GlobalSection(SolutionConfigurationPlatforms) = preSolution
		Debug|Any CPU = Debug|Any CPU
		Release|Any CPU = Release|Any CPU
	EndGlobalSection
	GlobalSection(ProjectConfigurationPlatforms) = postSolution
		{C6A8C874-81A3-4BCA-944D-A79C78B3ADF7}.Debug|Any CPU.ActiveCfg = Debug|Any CPU
		{C6A8C874-81A3-4BCA-944D-A79C78B3ADF7}.Debug|Any CPU.Build.0 = Debug|Any CPU
		{C6A8C874-81A3-4BCA-944D-A79C78B3ADF7}.Release|Any CPU.ActiveCfg = Release|Any CPU
		{C6A8C874-81A3-4BCA-944D-A79C78B3ADF7}.Release|Any CPU.Build.0 = Release|Any CPU
		{791A09CA-CA24-46F3-864F-C78E543AA52D}.Debug|Any CPU.ActiveCfg = Debug|Any CPU
		{791A09CA-CA24-46F3-864F-C78E543AA52D}.Debug|Any CPU.Build.0 = Debug|Any CPU
		{791A09CA-CA24-46F3-864F-C78E543AA52D}.Release|Any CPU.ActiveCfg = Release|Any CPU
		{791A09CA-CA24-46F3-864F-C78E543AA52D}.Release|Any CPU.Build.0 = Release|Any CPU
	EndGlobalSection
	GlobalSection(SolutionProperties) = preSolution
		HideSolutionNode = FALSE
	EndGlobalSection
	GlobalSection(ExtensibilityGlobals) = postSolution
		SolutionGuid = {A448CEE1-1F1F-436E-8AED-6B206448C5BD}
	EndGlobalSection
EndGlobal
